// !$*UTF8*$!
{
	archiveVersion = 1;
	classes = {
	};
	objectVersion = 50;
	objects = {

/* Begin PBXBuildFile section */
		7C35F535237699EB008E26D7 /* AppDelegate.swift in Sources */ = {isa = PBXBuildFile; fileRef = 7C35F534237699EB008E26D7 /* AppDelegate.swift */; };
		7C35F539237699EB008E26D7 /* Actions.sks in Resources */ = {isa = PBXBuildFile; fileRef = 7C35F538237699EB008E26D7 /* Actions.sks */; };
		7C35F53B237699EB008E26D7 /* GameScene.swift in Sources */ = {isa = PBXBuildFile; fileRef = 7C35F53A237699EB008E26D7 /* GameScene.swift */; };
		7C35F53D237699EB008E26D7 /* GameViewController.swift in Sources */ = {isa = PBXBuildFile; fileRef = 7C35F53C237699EB008E26D7 /* GameViewController.swift */; };
		7C35F540237699EB008E26D7 /* Main.storyboard in Resources */ = {isa = PBXBuildFile; fileRef = 7C35F53E237699EB008E26D7 /* Main.storyboard */; };
		7C35F542237699ED008E26D7 /* Assets.xcassets in Resources */ = {isa = PBXBuildFile; fileRef = 7C35F541237699ED008E26D7 /* Assets.xcassets */; };
		7C35F545237699ED008E26D7 /* LaunchScreen.storyboard in Resources */ = {isa = PBXBuildFile; fileRef = 7C35F543237699ED008E26D7 /* LaunchScreen.storyboard */; };
		7C35F54E2376B2C8008E26D7 /* StarParticle.sks in Resources */ = {isa = PBXBuildFile; fileRef = 7C35F54D2376B2C8008E26D7 /* StarParticle.sks */; };
		7C35F5522376B525008E26D7 /* Constants.swift in Sources */ = {isa = PBXBuildFile; fileRef = 7C35F5512376B525008E26D7 /* Constants.swift */; };
/* End PBXBuildFile section */

/* Begin PBXFileReference section */
		7C35F531237699EB008E26D7 /* Shooting.app */ = {isa = PBXFileReference; explicitFileType = wrapper.application; includeInIndex = 0; path = Shooting.app; sourceTree = BUILT_PRODUCTS_DIR; };
		7C35F534237699EB008E26D7 /* AppDelegate.swift */ = {isa = PBXFileReference; lastKnownFileType = sourcecode.swift; path = AppDelegate.swift; sourceTree = "<group>"; };
		7C35F538237699EB008E26D7 /* Actions.sks */ = {isa = PBXFileReference; lastKnownFileType = file.sks; path = Actions.sks; sourceTree = "<group>"; };
		7C35F53A237699EB008E26D7 /* GameScene.swift */ = {isa = PBXFileReference; lastKnownFileType = sourcecode.swift; path = GameScene.swift; sourceTree = "<group>"; };
		7C35F53C237699EB008E26D7 /* GameViewController.swift */ = {isa = PBXFileReference; lastKnownFileType = sourcecode.swift; path = GameViewController.swift; sourceTree = "<group>"; };
		7C35F53F237699EB008E26D7 /* Base */ = {isa = PBXFileReference; lastKnownFileType = file.storyboard; name = Base; path = Base.lproj/Main.storyboard; sourceTree = "<group>"; };
		7C35F541237699ED008E26D7 /* Assets.xcassets */ = {isa = PBXFileReference; lastKnownFileType = folder.assetcatalog; path = Assets.xcassets; sourceTree = "<group>"; };
		7C35F544237699ED008E26D7 /* Base */ = {isa = PBXFileReference; lastKnownFileType = file.storyboard; name = Base; path = Base.lproj/LaunchScreen.storyboard; sourceTree = "<group>"; };
		7C35F546237699ED008E26D7 /* Info.plist */ = {isa = PBXFileReference; lastKnownFileType = text.plist.xml; path = Info.plist; sourceTree = "<group>"; };
		7C35F54D2376B2C8008E26D7 /* StarParticle.sks */ = {isa = PBXFileReference; lastKnownFileType = file.sks; path = StarParticle.sks; sourceTree = "<group>"; };
		7C35F5512376B525008E26D7 /* Constants.swift */ = {isa = PBXFileReference; lastKnownFileType = sourcecode.swift; path = Constants.swift; sourceTree = "<group>"; };
/* End PBXFileReference section */

/* Begin PBXFrameworksBuildPhase section */
		7C35F52E237699EB008E26D7 /* Frameworks */ = {
			isa = PBXFrameworksBuildPhase;
			buildActionMask = 2147483647;
			files = (
			);
			runOnlyForDeploymentPostprocessing = 0;
		};
/* End PBXFrameworksBuildPhase section */

/* Begin PBXGroup section */
		7C35F528237699EB008E26D7 = {
			isa = PBXGroup;
			children = (
				7C35F533237699EB008E26D7 /* Shooting */,
				7C35F532237699EB008E26D7 /* Products */,
			);
			sourceTree = "<group>";
		};
		7C35F532237699EB008E26D7 /* Products */ = {
			isa = PBXGroup;
			children = (
				7C35F531237699EB008E26D7 /* Shooting.app */,
			);
			name = Products;
			sourceTree = "<group>";
		};
		7C35F533237699EB008E26D7 /* Shooting */ = {
			isa = PBXGroup;
			children = (
				7C35F534237699EB008E26D7 /* AppDelegate.swift */,
				7C35F538237699EB008E26D7 /* Actions.sks */,
				7C35F53A237699EB008E26D7 /* GameScene.swift */,
				7C35F54D2376B2C8008E26D7 /* StarParticle.sks */,
				7C35F53C237699EB008E26D7 /* GameViewController.swift */,
				7C35F53E237699EB008E26D7 /* Main.storyboard */,
				7C35F541237699ED008E26D7 /* Assets.xcassets */,
				7C35F543237699ED008E26D7 /* LaunchScreen.storyboard */,
				7C35F546237699ED008E26D7 /* Info.plist */,
				7C35F5512376B525008E26D7 /* Constants.swift */,
			);
			path = Shooting;
			sourceTree = "<group>";
		};
/* End PBXGroup section */

/* Begin PBXNativeTarget section */
		7C35F530237699EB008E26D7 /* Shooting */ = {
			isa = PBXNativeTarget;
			buildConfigurationList = 7C35F549237699ED008E26D7 /* Build configuration list for PBXNativeTarget "Shooting" */;
			buildPhases = (
				7C35F52D237699EB008E26D7 /* Sources */,
				7C35F52E237699EB008E26D7 /* Frameworks */,
				7C35F52F237699EB008E26D7 /* Resources */,
				7C35F54C23769A6B008E26D7 /* ShellScript */,
			);
			buildRules = (
			);
			dependencies = (
			);
			name = Shooting;
			productName = Shooting;
			productReference = 7C35F531237699EB008E26D7 /* Shooting.app */;
			productType = "com.apple.product-type.application";
		};
/* End PBXNativeTarget section */

/* Begin PBXProject section */
		7C35F529237699EB008E26D7 /* Project object */ = {
			isa = PBXProject;
			attributes = {
				LastSwiftUpdateCheck = 1120;
				LastUpgradeCheck = 1120;
				ORGANIZATIONNAME = Byoung_wook;
				TargetAttributes = {
					7C35F530237699EB008E26D7 = {
						CreatedOnToolsVersion = 11.2;
					};
				};
			};
			buildConfigurationList = 7C35F52C237699EB008E26D7 /* Build configuration list for PBXProject "Shooting" */;
			compatibilityVersion = "Xcode 9.3";
			developmentRegion = en;
			hasScannedForEncodings = 0;
			knownRegions = (
				en,
				Base,
			);
			mainGroup = 7C35F528237699EB008E26D7;
			productRefGroup = 7C35F532237699EB008E26D7 /* Products */;
			projectDirPath = "";
			projectRoot = "";
			targets = (
				7C35F530237699EB008E26D7 /* Shooting */,
			);
		};
/* End PBXProject section */

/* Begin PBXResourcesBuildPhase section */
		7C35F52F237699EB008E26D7 /* Resources */ = {
			isa = PBXResourcesBuildPhase;
			buildActionMask = 2147483647;
			files = (
				7C35F540237699EB008E26D7 /* Main.storyboard in Resources */,
				7C35F54E2376B2C8008E26D7 /* StarParticle.sks in Resources */,
				7C35F542237699ED008E26D7 /* Assets.xcassets in Resources */,
				7C35F545237699ED008E26D7 /* LaunchScreen.storyboard in Resources */,
				7C35F539237699EB008E26D7 /* Actions.sks in Resources */,
			);
			runOnlyForDeploymentPostprocessing = 0;
		};
/* End PBXResourcesBuildPhase section */

/* Begin PBXShellScriptBuildPhase section */
		7C35F54C23769A6B008E26D7 /* ShellScript */ = {
			isa = PBXShellScriptBuildPhase;
			buildActionMask = 2147483647;
			files = (
			);
			inputFileListPaths = (
			);
			inputPaths = (
			);
			outputFileListPaths = (
			);
			outputPaths = (
			);
			runOnlyForDeploymentPostprocessing = 0;
			shellPath = /bin/sh;
			shellScript = "
";
		};
/* End PBXShellScriptBuildPhase section */

/* Begin PBXSourcesBuildPhase section */
		7C35F52D237699EB008E26D7 /* Sources */ = {
			isa = PBXSourcesBuildPhase;
			buildActionMask = 2147483647;
			files = (
				7C35F53B237699EB008E26D7 /* GameScene.swift in Sources */,
				7C35F53D237699EB008E26D7 /* GameViewController.swift in Sources */,
				7C35F535237699EB008E26D7 /* AppDelegate.swift in Sources */,
				7C35F5522376B525008E26D7 /* Constants.swift in Sources */,
			);
			runOnlyForDeploymentPostprocessing = 0;
		};
/* End PBXSourcesBuildPhase section */

/* Begin PBXVariantGroup section */
		7C35F53E237699EB008E26D7 /* Main.storyboard */ = {
			isa = PBXVariantGroup;
			children = (
				7C35F53F237699EB008E26D7 /* Base */,
			);
			name = Main.storyboard;
			sourceTree = "<group>";
		};
		7C35F543237699ED008E26D7 /* LaunchScreen.storyboard */ = {
			isa = PBXVariantGroup;
			children = (
				7C35F544237699ED008E26D7 /* Base */,
			);
			name = LaunchScreen.storyboard;
			sourceTree = "<group>";
		};
/* End PBXVariantGroup section */

/* Begin XCBuildConfiguration section */
		7C35F547237699ED008E26D7 /* Debug */ = {
			isa = XCBuildConfiguration;
			buildSettings = {
				ALWAYS_SEARCH_USER_PATHS = NO;
				CLANG_ANALYZER_NONNULL = YES;
				CLANG_ANALYZER_NUMBER_OBJECT_CONVERSION = YES_AGGRESSIVE;
				CLANG_CXX_LANGUAGE_STANDARD = "gnu++14";
				CLANG_CXX_LIBRARY = "libc++";
				CLANG_ENABLE_MODULES = YES;
				CLANG_ENABLE_OBJC_ARC = YES;
				CLANG_ENABLE_OBJC_WEAK = YES;
				CLANG_WARN_BLOCK_CAPTURE_AUTORELEASING = YES;
				CLANG_WARN_BOOL_CONVERSION = YES;
				CLANG_WARN_COMMA = YES;
				CLANG_WARN_CONSTANT_CONVERSION = YES;
				CLANG_WARN_DEPRECATED_OBJC_IMPLEMENTATIONS = YES;
				CLANG_WARN_DIRECT_OBJC_ISA_USAGE = YES_ERROR;
				CLANG_WARN_DOCUMENTATION_COMMENTS = YES;
				CLANG_WARN_EMPTY_BODY = YES;
				CLANG_WARN_ENUM_CONVERSION = YES;
				CLANG_WARN_INFINITE_RECURSION = YES;
				CLANG_WARN_INT_CONVERSION = YES;
				CLANG_WARN_NON_LITERAL_NULL_CONVERSION = YES;
				CLANG_WARN_OBJC_IMPLICIT_RETAIN_SELF = YES;
				CLANG_WARN_OBJC_LITERAL_CONVERSION = YES;
				CLANG_WARN_OBJC_ROOT_CLASS = YES_ERROR;
				CLANG_WARN_RANGE_LOOP_ANALYSIS = YES;
				CLANG_WARN_STRICT_PROTOTYPES = YES;
				CLANG_WARN_SUSPICIOUS_MOVE = YES;
				CLANG_WARN_UNGUARDED_AVAILABILITY = YES_AGGRESSIVE;
				CLANG_WARN_UNREACHABLE_CODE = YES;
				CLANG_WARN__DUPLICATE_METHOD_MATCH = YES;
				COPY_PHASE_STRIP = NO;
				DEBUG_INFORMATION_FORMAT = dwarf;
				ENABLE_STRICT_OBJC_MSGSEND = YES;
				ENABLE_TESTABILITY = YES;
				GCC_C_LANGUAGE_STANDARD = gnu11;
				GCC_DYNAMIC_NO_PIC = NO;
				GCC_NO_COMMON_BLOCKS = YES;
				GCC_OPTIMIZATION_LEVEL = 0;
				GCC_PREPROCESSOR_DEFINITIONS = (
					"DEBUG=1",
					"$(inherited)",
				);
				GCC_WARN_64_TO_32_BIT_CONVERSION = YES;
				GCC_WARN_ABOUT_RETURN_TYPE = YES_ERROR;
				GCC_WARN_UNDECLARED_SELECTOR = YES;
				GCC_WARN_UNINITIALIZED_AUTOS = YES_AGGRESSIVE;
				GCC_WARN_UNUSED_FUNCTION = YES;
				GCC_WARN_UNUSED_VARIABLE = YES;
				IPHONEOS_DEPLOYMENT_TARGET = 13.2;
				MTL_ENABLE_DEBUG_INFO = INCLUDE_SOURCE;
				MTL_FAST_MATH = YES;
				ONLY_ACTIVE_ARCH = YES;
				SDKROOT = iphoneos;
				SWIFT_ACTIVE_COMPILATION_CONDITIONS = DEBUG;
				SWIFT_OPTIMIZATION_LEVEL = "-Onone";
			};
			name = Debug;
		};
		7C35F548237699ED008E26D7 /* Release */ = {
			isa = XCBuildConfiguration;
			buildSettings = {
				ALWAYS_SEARCH_USER_PATHS = NO;
				CLANG_ANALYZER_NONNULL = YES;
				CLANG_ANALYZER_NUMBER_OBJECT_CONVERSION = YES_AGGRESSIVE;
				CLANG_CXX_LANGUAGE_STANDARD = "gnu++14";
				CLANG_CXX_LIBRARY = "libc++";
				CLANG_ENABLE_MODULES = YES;
				CLANG_ENABLE_OBJC_ARC = YES;
				CLANG_ENABLE_OBJC_WEAK = YES;
				CLANG_WARN_BLOCK_CAPTURE_AUTORELEASING = YES;
				CLANG_WARN_BOOL_CONVERSION = YES;
				CLANG_WARN_COMMA = YES;
				CLANG_WARN_CONSTANT_CONVERSION = YES;
				CLANG_WARN_DEPRECATED_OBJC_IMPLEMENTATIONS = YES;
				CLANG_WARN_DIRECT_OBJC_ISA_USAGE = YES_ERROR;
				CLANG_WARN_DOCUMENTATION_COMMENTS = YES;
				CLANG_WARN_EMPTY_BODY = YES;
				CLANG_WARN_ENUM_CONVERSION = YES;
				CLANG_WARN_INFINITE_RECURSION = YES;
				CLANG_WARN_INT_CONVERSION = YES;
				CLANG_WARN_NON_LITERAL_NULL_CONVERSION = YES;
				CLANG_WARN_OBJC_IMPLICIT_RETAIN_SELF = YES;
				CLANG_WARN_OBJC_LITERAL_CONVERSION = YES;
				CLANG_WARN_OBJC_ROOT_CLASS = YES_ERROR;
				CLANG_WARN_RANGE_LOOP_ANALYSIS = YES;
				CLANG_WARN_STRICT_PROTOTYPES = YES;
				CLANG_WARN_SUSPICIOUS_MOVE = YES;
				CLANG_WARN_UNGUARDED_AVAILABILITY = YES_AGGRESSIVE;
				CLANG_WARN_UNREACHABLE_CODE = YES;
				CLANG_WARN__DUPLICATE_METHOD_MATCH = YES;
				COPY_PHASE_STRIP = NO;
				DEBUG_INFORMATION_FORMAT = "dwarf-with-dsym";
				ENABLE_NS_ASSERTIONS = NO;
				ENABLE_STRICT_OBJC_MSGSEND = YES;
				GCC_C_LANGUAGE_STANDARD = gnu11;
				GCC_NO_COMMON_BLOCKS = YES;
				GCC_WARN_64_TO_32_BIT_CONVERSION = YES;
				GCC_WARN_ABOUT_RETURN_TYPE = YES_ERROR;
				GCC_WARN_UNDECLARED_SELECTOR = YES;
				GCC_WARN_UNINITIALIZED_AUTOS = YES_AGGRESSIVE;
				GCC_WARN_UNUSED_FUNCTION = YES;
				GCC_WARN_UNUSED_VARIABLE = YES;
				IPHONEOS_DEPLOYMENT_TARGET = 13.2;
				MTL_ENABLE_DEBUG_INFO = NO;
				MTL_FAST_MATH = YES;
				SDKROOT = iphoneos;
				SWIFT_COMPILATION_MODE = wholemodule;
				SWIFT_OPTIMIZATION_LEVEL = "-O";
				VALIDATE_PRODUCT = YES;
			};
			name = Release;
		};
		7C35F54A237699ED008E26D7 /* Debug */ = {
			isa = XCBuildConfiguration;
			buildSettings = {
				ASSETCATALOG_COMPILER_APPICON_NAME = AppIcon;
				CODE_SIGN_STYLE = Automatic;
				DEVELOPMENT_TEAM = 7SSGW4N898;
				INFOPLIST_FILE = Shooting/Info.plist;
				IPHONEOS_DEPLOYMENT_TARGET = 10.0;
				LD_RUNPATH_SEARCH_PATHS = (
					"$(inherited)",
					"@executable_path/Frameworks",
				);
				MARKETING_VERSION = 1.0.0;
				PRODUCT_BUNDLE_IDENTIFIER = net.Shooting;
				PRODUCT_NAME = "$(TARGET_NAME)";
				SWIFT_VERSION = 5.0;
				TARGETED_DEVICE_FAMILY = "1,2";
			};
			name = Debug;
		};
		7C35F54B237699ED008E26D7 /* Release */ = {
			isa = XCBuildConfiguration;
			buildSettings = {
				ASSETCATALOG_COMPILER_APPICON_NAME = AppIcon;
				CODE_SIGN_STYLE = Automatic;
				DEVELOPMENT_TEAM = 7SSGW4N898;
				INFOPLIST_FILE = Shooting/Info.plist;
				IPHONEOS_DEPLOYMENT_TARGET = 10.0;
				LD_RUNPATH_SEARCH_PATHS = (
					"$(inherited)",
					"@executable_path/Frameworks",
				);
				MARKETING_VERSION = 1.0.0;
				PRODUCT_BUNDLE_IDENTIFIER = net.Shooting;
				PRODUCT_NAME = "$(TARGET_NAME)";
				SWIFT_VERSION = 5.0;
				TARGETED_DEVICE_FAMILY = "1,2";
			};
			name = Release;
		};
/* End XCBuildConfiguration section */

/* Begin XCConfigurationList section */
		7C35F52C237699EB008E26D7 /* Build configuration list for PBXProject "Shooting" */ = {
			isa = XCConfigurationList;
			buildConfigurations = (
				7C35F547237699ED008E26D7 /* Debug */,
				7C35F548237699ED008E26D7 /* Release */,
			);
			defaultConfigurationIsVisible = 0;
			defaultConfigurationName = Release;
		};
		7C35F549237699ED008E26D7 /* Build configuration list for PBXNativeTarget "Shooting" */ = {
			isa = XCConfigurationList;
			buildConfigurations = (
				7C35F54A237699ED008E26D7 /* Debug */,
				7C35F54B237699ED008E26D7 /* Release */,
			);
			defaultConfigurationIsVisible = 0;
			defaultConfigurationName = Release;
		};
/* End XCConfigurationList section */
	};
	rootObject = 7C35F529237699EB008E26D7 /* Project object */;
}
