// !$*UTF8*$!
{
	archiveVersion = 1;
	classes = {
	};
	objectVersion = 50;
	objects = {

/* Begin PBXBuildFile section */
		7C2E534322C7320600D26816 /* AppDelegate.swift in Sources */ = {isa = PBXBuildFile; fileRef = 7C2E534222C7320600D26816 /* AppDelegate.swift */; };
		7C2E534522C7320600D26816 /* ViewController.swift in Sources */ = {isa = PBXBuildFile; fileRef = 7C2E534422C7320600D26816 /* ViewController.swift */; };
		7C2E534822C7320600D26816 /* Main.storyboard in Resources */ = {isa = PBXBuildFile; fileRef = 7C2E534622C7320600D26816 /* Main.storyboard */; };
		7C2E534A22C7320700D26816 /* Assets.xcassets in Resources */ = {isa = PBXBuildFile; fileRef = 7C2E534922C7320700D26816 /* Assets.xcassets */; };
		7C2E534D22C7320700D26816 /* LaunchScreen.storyboard in Resources */ = {isa = PBXBuildFile; fileRef = 7C2E534B22C7320700D26816 /* LaunchScreen.storyboard */; };
		7C2E535522C736F400D26816 /* FormViewController.swift in Sources */ = {isa = PBXBuildFile; fileRef = 7C2E535422C736F400D26816 /* FormViewController.swift */; };
/* End PBXBuildFile section */

/* Begin PBXFileReference section */
		7C2E533F22C7320600D26816 /* SummitValue-Back.app */ = {isa = PBXFileReference; explicitFileType = wrapper.application; includeInIndex = 0; path = "SummitValue-Back.app"; sourceTree = BUILT_PRODUCTS_DIR; };
		7C2E534222C7320600D26816 /* AppDelegate.swift */ = {isa = PBXFileReference; lastKnownFileType = sourcecode.swift; path = AppDelegate.swift; sourceTree = "<group>"; };
		7C2E534422C7320600D26816 /* ViewController.swift */ = {isa = PBXFileReference; lastKnownFileType = sourcecode.swift; path = ViewController.swift; sourceTree = "<group>"; };
		7C2E534722C7320600D26816 /* Base */ = {isa = PBXFileReference; lastKnownFileType = file.storyboard; name = Base; path = Base.lproj/Main.storyboard; sourceTree = "<group>"; };
		7C2E534922C7320700D26816 /* Assets.xcassets */ = {isa = PBXFileReference; lastKnownFileType = folder.assetcatalog; path = Assets.xcassets; sourceTree = "<group>"; };
		7C2E534C22C7320700D26816 /* Base */ = {isa = PBXFileReference; lastKnownFileType = file.storyboard; name = Base; path = Base.lproj/LaunchScreen.storyboard; sourceTree = "<group>"; };
		7C2E534E22C7320700D26816 /* Info.plist */ = {isa = PBXFileReference; lastKnownFileType = text.plist.xml; path = Info.plist; sourceTree = "<group>"; };
		7C2E535422C736F400D26816 /* FormViewController.swift */ = {isa = PBXFileReference; lastKnownFileType = sourcecode.swift; path = FormViewController.swift; sourceTree = "<group>"; };
/* End PBXFileReference section */

/* Begin PBXFrameworksBuildPhase section */
		7C2E533C22C7320600D26816 /* Frameworks */ = {
			isa = PBXFrameworksBuildPhase;
			buildActionMask = 2147483647;
			files = (
			);
			runOnlyForDeploymentPostprocessing = 0;
		};
/* End PBXFrameworksBuildPhase section */

/* Begin PBXGroup section */
		7C2E533622C7320600D26816 = {
			isa = PBXGroup;
			children = (
				7C2E534122C7320600D26816 /* SummitValue-Back */,
				7C2E534022C7320600D26816 /* Products */,
			);
			sourceTree = "<group>";
		};
		7C2E534022C7320600D26816 /* Products */ = {
			isa = PBXGroup;
			children = (
				7C2E533F22C7320600D26816 /* SummitValue-Back.app */,
			);
			name = Products;
			sourceTree = "<group>";
		};
		7C2E534122C7320600D26816 /* SummitValue-Back */ = {
			isa = PBXGroup;
			children = (
				7C2E534222C7320600D26816 /* AppDelegate.swift */,
				7C2E534422C7320600D26816 /* ViewController.swift */,
				7C2E534622C7320600D26816 /* Main.storyboard */,
				7C2E535422C736F400D26816 /* FormViewController.swift */,
				7C2E534922C7320700D26816 /* Assets.xcassets */,
				7C2E534B22C7320700D26816 /* LaunchScreen.storyboard */,
				7C2E534E22C7320700D26816 /* Info.plist */,
			);
			path = "SummitValue-Back";
			sourceTree = "<group>";
		};
/* End PBXGroup section */

/* Begin PBXNativeTarget section */
		7C2E533E22C7320600D26816 /* SummitValue-Back */ = {
			isa = PBXNativeTarget;
			buildConfigurationList = 7C2E535122C7320700D26816 /* Build configuration list for PBXNativeTarget "SummitValue-Back" */;
			buildPhases = (
				7C2E533B22C7320600D26816 /* Sources */,
				7C2E533C22C7320600D26816 /* Frameworks */,
				7C2E533D22C7320600D26816 /* Resources */,
			);
			buildRules = (
			);
			dependencies = (
			);
			name = "SummitValue-Back";
			productName = "SummitValue-Back";
			productReference = 7C2E533F22C7320600D26816 /* SummitValue-Back.app */;
			productType = "com.apple.product-type.application";
		};
/* End PBXNativeTarget section */

/* Begin PBXProject section */
		7C2E533722C7320600D26816 /* Project object */ = {
			isa = PBXProject;
			attributes = {
				LastSwiftUpdateCheck = 1020;
				LastUpgradeCheck = 1020;
				ORGANIZATIONNAME = Byoung_wook;
				TargetAttributes = {
					7C2E533E22C7320600D26816 = {
						CreatedOnToolsVersion = 10.2.1;
					};
				};
			};
			buildConfigurationList = 7C2E533A22C7320600D26816 /* Build configuration list for PBXProject "SummitValue-Back" */;
			compatibilityVersion = "Xcode 9.3";
			developmentRegion = en;
			hasScannedForEncodings = 0;
			knownRegions = (
				en,
				Base,
			);
			mainGroup = 7C2E533622C7320600D26816;
			productRefGroup = 7C2E534022C7320600D26816 /* Products */;
			projectDirPath = "";
			projectRoot = "";
			targets = (
				7C2E533E22C7320600D26816 /* SummitValue-Back */,
			);
		};
/* End PBXProject section */

/* Begin PBXResourcesBuildPhase section */
		7C2E533D22C7320600D26816 /* Resources */ = {
			isa = PBXResourcesBuildPhase;
			buildActionMask = 2147483647;
			files = (
				7C2E534D22C7320700D26816 /* LaunchScreen.storyboard in Resources */,
				7C2E534A22C7320700D26816 /* Assets.xcassets in Resources */,
				7C2E534822C7320600D26816 /* Main.storyboard in Resources */,
			);
			runOnlyForDeploymentPostprocessing = 0;
		};
/* End PBXResourcesBuildPhase section */

/* Begin PBXSourcesBuildPhase section */
		7C2E533B22C7320600D26816 /* Sources */ = {
			isa = PBXSourcesBuildPhase;
			buildActionMask = 2147483647;
			files = (
				7C2E535522C736F400D26816 /* FormViewController.swift in Sources */,
				7C2E534522C7320600D26816 /* ViewController.swift in Sources */,
				7C2E534322C7320600D26816 /* AppDelegate.swift in Sources */,
			);
			runOnlyForDeploymentPostprocessing = 0;
		};
/* End PBXSourcesBuildPhase section */

/* Begin PBXVariantGroup section */
		7C2E534622C7320600D26816 /* Main.storyboard */ = {
			isa = PBXVariantGroup;
			children = (
				7C2E534722C7320600D26816 /* Base */,
			);
			name = Main.storyboard;
			sourceTree = "<group>";
		};
		7C2E534B22C7320700D26816 /* LaunchScreen.storyboard */ = {
			isa = PBXVariantGroup;
			children = (
				7C2E534C22C7320700D26816 /* Base */,
			);
			name = LaunchScreen.storyboard;
			sourceTree = "<group>";
		};
/* End PBXVariantGroup section */

/* Begin XCBuildConfiguration section */
		7C2E534F22C7320700D26816 /* Debug */ = {
			isa = XCBuildConfiguration;
			buildSettings = {
				ALWAYS_SEARCH_USER_PATHS = NO;
				CLANG_ANALYZER_NONNULL = YES;
				CLANG_ANALYZER_NUMBER_OBJECT_CONVERSION = YES_AGGRESSIVE;
				CLANG_CXX_LANGUAGE_STANDARD = "gnu++14";
				CLANG_CXX_LIBRARY = "libc++";
				CLANG_ENABLE_MODULES = YES;
				CLANG_ENABLE_OBJC_ARC = YES;
				CLANG_ENABLE_OBJC_WEAK = YES;
				CLANG_WARN_BLOCK_CAPTURE_AUTORELEASING = YES;
				CLANG_WARN_BOOL_CONVERSION = YES;
				CLANG_WARN_COMMA = YES;
				CLANG_WARN_CONSTANT_CONVERSION = YES;
				CLANG_WARN_DEPRECATED_OBJC_IMPLEMENTATIONS = YES;
				CLANG_WARN_DIRECT_OBJC_ISA_USAGE = YES_ERROR;
				CLANG_WARN_DOCUMENTATION_COMMENTS = YES;
				CLANG_WARN_EMPTY_BODY = YES;
				CLANG_WARN_ENUM_CONVERSION = YES;
				CLANG_WARN_INFINITE_RECURSION = YES;
				CLANG_WARN_INT_CONVERSION = YES;
				CLANG_WARN_NON_LITERAL_NULL_CONVERSION = YES;
				CLANG_WARN_OBJC_IMPLICIT_RETAIN_SELF = YES;
				CLANG_WARN_OBJC_LITERAL_CONVERSION = YES;
				CLANG_WARN_OBJC_ROOT_CLASS = YES_ERROR;
				CLANG_WARN_RANGE_LOOP_ANALYSIS = YES;
				CLANG_WARN_STRICT_PROTOTYPES = YES;
				CLANG_WARN_SUSPICIOUS_MOVE = YES;
				CLANG_WARN_UNGUARDED_AVAILABILITY = YES_AGGRESSIVE;
				CLANG_WARN_UNREACHABLE_CODE = YES;
				CLANG_WARN__DUPLICATE_METHOD_MATCH = YES;
				CODE_SIGN_IDENTITY = "iPhone Developer";
				COPY_PHASE_STRIP = NO;
				DEBUG_INFORMATION_FORMAT = dwarf;
				ENABLE_STRICT_OBJC_MSGSEND = YES;
				ENABLE_TESTABILITY = YES;
				GCC_C_LANGUAGE_STANDARD = gnu11;
				GCC_DYNAMIC_NO_PIC = NO;
				GCC_NO_COMMON_BLOCKS = YES;
				GCC_OPTIMIZATION_LEVEL = 0;
				GCC_PREPROCESSOR_DEFINITIONS = (
					"DEBUG=1",
					"$(inherited)",
				);
				GCC_WARN_64_TO_32_BIT_CONVERSION = YES;
				GCC_WARN_ABOUT_RETURN_TYPE = YES_ERROR;
				GCC_WARN_UNDECLARED_SELECTOR = YES;
				GCC_WARN_UNINITIALIZED_AUTOS = YES_AGGRESSIVE;
				GCC_WARN_UNUSED_FUNCTION = YES;
				GCC_WARN_UNUSED_VARIABLE = YES;
				IPHONEOS_DEPLOYMENT_TARGET = 12.2;
				MTL_ENABLE_DEBUG_INFO = INCLUDE_SOURCE;
				MTL_FAST_MATH = YES;
				ONLY_ACTIVE_ARCH = YES;
				SDKROOT = iphoneos;
				SWIFT_ACTIVE_COMPILATION_CONDITIONS = DEBUG;
				SWIFT_OPTIMIZATION_LEVEL = "-Onone";
			};
			name = Debug;
		};
		7C2E535022C7320700D26816 /* Release */ = {
			isa = XCBuildConfiguration;
			buildSettings = {
				ALWAYS_SEARCH_USER_PATHS = NO;
				CLANG_ANALYZER_NONNULL = YES;
				CLANG_ANALYZER_NUMBER_OBJECT_CONVERSION = YES_AGGRESSIVE;
				CLANG_CXX_LANGUAGE_STANDARD = "gnu++14";
				CLANG_CXX_LIBRARY = "libc++";
				CLANG_ENABLE_MODULES = YES;
				CLANG_ENABLE_OBJC_ARC = YES;
				CLANG_ENABLE_OBJC_WEAK = YES;
				CLANG_WARN_BLOCK_CAPTURE_AUTORELEASING = YES;
				CLANG_WARN_BOOL_CONVERSION = YES;
				CLANG_WARN_COMMA = YES;
				CLANG_WARN_CONSTANT_CONVERSION = YES;
				CLANG_WARN_DEPRECATED_OBJC_IMPLEMENTATIONS = YES;
				CLANG_WARN_DIRECT_OBJC_ISA_USAGE = YES_ERROR;
				CLANG_WARN_DOCUMENTATION_COMMENTS = YES;
				CLANG_WARN_EMPTY_BODY = YES;
				CLANG_WARN_ENUM_CONVERSION = YES;
				CLANG_WARN_INFINITE_RECURSION = YES;
				CLANG_WARN_INT_CONVERSION = YES;
				CLANG_WARN_NON_LITERAL_NULL_CONVERSION = YES;
				CLANG_WARN_OBJC_IMPLICIT_RETAIN_SELF = YES;
				CLANG_WARN_OBJC_LITERAL_CONVERSION = YES;
				CLANG_WARN_OBJC_ROOT_CLASS = YES_ERROR;
				CLANG_WARN_RANGE_LOOP_ANALYSIS = YES;
				CLANG_WARN_STRICT_PROTOTYPES = YES;
				CLANG_WARN_SUSPICIOUS_MOVE = YES;
				CLANG_WARN_UNGUARDED_AVAILABILITY = YES_AGGRESSIVE;
				CLANG_WARN_UNREACHABLE_CODE = YES;
				CLANG_WARN__DUPLICATE_METHOD_MATCH = YES;
				CODE_SIGN_IDENTITY = "iPhone Developer";
				COPY_PHASE_STRIP = NO;
				DEBUG_INFORMATION_FORMAT = "dwarf-with-dsym";
				ENABLE_NS_ASSERTIONS = NO;
				ENABLE_STRICT_OBJC_MSGSEND = YES;
				GCC_C_LANGUAGE_STANDARD = gnu11;
				GCC_NO_COMMON_BLOCKS = YES;
				GCC_WARN_64_TO_32_BIT_CONVERSION = YES;
				GCC_WARN_ABOUT_RETURN_TYPE = YES_ERROR;
				GCC_WARN_UNDECLARED_SELECTOR = YES;
				GCC_WARN_UNINITIALIZED_AUTOS = YES_AGGRESSIVE;
				GCC_WARN_UNUSED_FUNCTION = YES;
				GCC_WARN_UNUSED_VARIABLE = YES;
				IPHONEOS_DEPLOYMENT_TARGET = 12.2;
				MTL_ENABLE_DEBUG_INFO = NO;
				MTL_FAST_MATH = YES;
				SDKROOT = iphoneos;
				SWIFT_COMPILATION_MODE = wholemodule;
				SWIFT_OPTIMIZATION_LEVEL = "-O";
				VALIDATE_PRODUCT = YES;
			};
			name = Release;
		};
		7C2E535222C7320700D26816 /* Debug */ = {
			isa = XCBuildConfiguration;
			buildSettings = {
				ASSETCATALOG_COMPILER_APPICON_NAME = AppIcon;
				CODE_SIGN_STYLE = Automatic;
				INFOPLIST_FILE = "SummitValue-Back/Info.plist";
				LD_RUNPATH_SEARCH_PATHS = (
					"$(inherited)",
					"@executable_path/Frameworks",
				);
				PRODUCT_BUNDLE_IDENTIFIER = "-11.SummitValue-Back";
				PRODUCT_NAME = "$(TARGET_NAME)";
				SWIFT_VERSION = 5.0;
				TARGETED_DEVICE_FAMILY = "1,2";
			};
			name = Debug;
		};
		7C2E535322C7320700D26816 /* Release */ = {
			isa = XCBuildConfiguration;
			buildSettings = {
				ASSETCATALOG_COMPILER_APPICON_NAME = AppIcon;
				CODE_SIGN_STYLE = Automatic;
				INFOPLIST_FILE = "SummitValue-Back/Info.plist";
				LD_RUNPATH_SEARCH_PATHS = (
					"$(inherited)",
					"@executable_path/Frameworks",
				);
				PRODUCT_BUNDLE_IDENTIFIER = "-11.SummitValue-Back";
				PRODUCT_NAME = "$(TARGET_NAME)";
				SWIFT_VERSION = 5.0;
				TARGETED_DEVICE_FAMILY = "1,2";
			};
			name = Release;
		};
/* End XCBuildConfiguration section */

/* Begin XCConfigurationList section */
		7C2E533A22C7320600D26816 /* Build configuration list for PBXProject "SummitValue-Back" */ = {
			isa = XCConfigurationList;
			buildConfigurations = (
				7C2E534F22C7320700D26816 /* Debug */,
				7C2E535022C7320700D26816 /* Release */,
			);
			defaultConfigurationIsVisible = 0;
			defaultConfigurationName = Release;
		};
		7C2E535122C7320700D26816 /* Build configuration list for PBXNativeTarget "SummitValue-Back" */ = {
			isa = XCConfigurationList;
			buildConfigurations = (
				7C2E535222C7320700D26816 /* Debug */,
				7C2E535322C7320700D26816 /* Release */,
			);
			defaultConfigurationIsVisible = 0;
			defaultConfigurationName = Release;
		};
/* End XCConfigurationList section */
	};
	rootObject = 7C2E533722C7320600D26816 /* Project object */;
}
